// !$*UTF8*$!
{
	archiveVersion = 1;
	classes = {
	};
	objectVersion = 46;
	objects = {

/* Begin PBXBuildFile section */
		DDC546F71E5B5F3B00D4361D /* main.m in Sources */ = {isa = PBXBuildFile; fileRef = DDC546F61E5B5F3B00D4361D /* main.m */; };
		DDC546FA1E5B5F3B00D4361D /* AppDelegate.m in Sources */ = {isa = PBXBuildFile; fileRef = DDC546F91E5B5F3B00D4361D /* AppDelegate.m */; };
		DDC546FD1E5B5F3B00D4361D /* ViewController.m in Sources */ = {isa = PBXBuildFile; fileRef = DDC546FC1E5B5F3B00D4361D /* ViewController.m */; };
		DDC547001E5B5F3B00D4361D /* Main.storyboard in Resources */ = {isa = PBXBuildFile; fileRef = DDC546FE1E5B5F3B00D4361D /* Main.storyboard */; };
		DDC547021E5B5F3B00D4361D /* Assets.xcassets in Resources */ = {isa = PBXBuildFile; fileRef = DDC547011E5B5F3B00D4361D /* Assets.xcassets */; };
		DDC547051E5B5F3B00D4361D /* LaunchScreen.storyboard in Resources */ = {isa = PBXBuildFile; fileRef = DDC547031E5B5F3B00D4361D /* LaunchScreen.storyboard */; };
/* End PBXBuildFile section */

/* Begin PBXFileReference section */
		DDC546F21E5B5F3B00D4361D /* Stocks.app */ = {isa = PBXFileReference; explicitFileType = wrapper.application; includeInIndex = 0; path = Stocks.app; sourceTree = BUILT_PRODUCTS_DIR; };
		DDC546F61E5B5F3B00D4361D /* main.m */ = {isa = PBXFileReference; lastKnownFileType = sourcecode.c.objc; path = main.m; sourceTree = "<group>"; };
		DDC546F81E5B5F3B00D4361D /* AppDelegate.h */ = {isa = PBXFileReference; lastKnownFileType = sourcecode.c.h; path = AppDelegate.h; sourceTree = "<group>"; };
		DDC546F91E5B5F3B00D4361D /* AppDelegate.m */ = {isa = PBXFileReference; lastKnownFileType = sourcecode.c.objc; path = AppDelegate.m; sourceTree = "<group>"; };
		DDC546FB1E5B5F3B00D4361D /* ViewController.h */ = {isa = PBXFileReference; lastKnownFileType = sourcecode.c.h; path = ViewController.h; sourceTree = "<group>"; };
		DDC546FC1E5B5F3B00D4361D /* ViewController.m */ = {isa = PBXFileReference; lastKnownFileType = sourcecode.c.objc; path = ViewController.m; sourceTree = "<group>"; };
		DDC546FF1E5B5F3B00D4361D /* Base */ = {isa = PBXFileReference; lastKnownFileType = file.storyboard; name = Base; path = Base.lproj/Main.storyboard; sourceTree = "<group>"; };
		DDC547011E5B5F3B00D4361D /* Assets.xcassets */ = {isa = PBXFileReference; lastKnownFileType = folder.assetcatalog; path = Assets.xcassets; sourceTree = "<group>"; };
		DDC547041E5B5F3B00D4361D /* Base */ = {isa = PBXFileReference; lastKnownFileType = file.storyboard; name = Base; path = Base.lproj/LaunchScreen.storyboard; sourceTree = "<group>"; };
		DDC547061E5B5F3B00D4361D /* Info.plist */ = {isa = PBXFileReference; lastKnownFileType = text.plist.xml; path = Info.plist; sourceTree = "<group>"; };
/* End PBXFileReference section */

/* Begin PBXFrameworksBuildPhase section */
		DDC546EF1E5B5F3B00D4361D /* Frameworks */ = {
			isa = PBXFrameworksBuildPhase;
			buildActionMask = 2147483647;
			files = (
			);
			runOnlyForDeploymentPostprocessing = 0;
		};
/* End PBXFrameworksBuildPhase section */

/* Begin PBXGroup section */
		DDC546E91E5B5F3B00D4361D = {
			isa = PBXGroup;
			children = (
				DDC546F41E5B5F3B00D4361D /* Stocks */,
				DDC546F31E5B5F3B00D4361D /* Products */,
			);
			sourceTree = "<group>";
		};
		DDC546F31E5B5F3B00D4361D /* Products */ = {
			isa = PBXGroup;
			children = (
				DDC546F21E5B5F3B00D4361D /* Stocks.app */,
			);
			name = Products;
			sourceTree = "<group>";
		};
		DDC546F41E5B5F3B00D4361D /* Stocks */ = {
			isa = PBXGroup;
			children = (
				DDC546F81E5B5F3B00D4361D /* AppDelegate.h */,
				DDC546F91E5B5F3B00D4361D /* AppDelegate.m */,
				DDC546FB1E5B5F3B00D4361D /* ViewController.h */,
				DDC546FC1E5B5F3B00D4361D /* ViewController.m */,
				DDC546FE1E5B5F3B00D4361D /* Main.storyboard */,
				DDC547011E5B5F3B00D4361D /* Assets.xcassets */,
				DDC547031E5B5F3B00D4361D /* LaunchScreen.storyboard */,
				DDC547061E5B5F3B00D4361D /* Info.plist */,
				DDC546F51E5B5F3B00D4361D /* Supporting Files */,
			);
			path = Stocks;
			sourceTree = "<group>";
		};
		DDC546F51E5B5F3B00D4361D /* Supporting Files */ = {
			isa = PBXGroup;
			children = (
				DDC546F61E5B5F3B00D4361D /* main.m */,
			);
			name = "Supporting Files";
			sourceTree = "<group>";
		};
/* End PBXGroup section */

/* Begin PBXNativeTarget section */
		DDC546F11E5B5F3B00D4361D /* Stocks */ = {
			isa = PBXNativeTarget;
			buildConfigurationList = DDC547091E5B5F3B00D4361D /* Build configuration list for PBXNativeTarget "Stocks" */;
			buildPhases = (
				DDC546EE1E5B5F3B00D4361D /* Sources */,
				DDC546EF1E5B5F3B00D4361D /* Frameworks */,
				DDC546F01E5B5F3B00D4361D /* Resources */,
			);
			buildRules = (
			);
			dependencies = (
			);
			name = Stocks;
			productName = Stocks;
			productReference = DDC546F21E5B5F3B00D4361D /* Stocks.app */;
			productType = "com.apple.product-type.application";
		};
/* End PBXNativeTarget section */

/* Begin PBXProject section */
		DDC546EA1E5B5F3B00D4361D /* Project object */ = {
			isa = PBXProject;
			attributes = {
				LastUpgradeCheck = 0810;
				ORGANIZATIONNAME = Klas;
				TargetAttributes = {
					DDC546F11E5B5F3B00D4361D = {
						CreatedOnToolsVersion = 8.1;
						ProvisioningStyle = Automatic;
					};
				};
			};
			buildConfigurationList = DDC546ED1E5B5F3B00D4361D /* Build configuration list for PBXProject "Stocks" */;
			compatibilityVersion = "Xcode 3.2";
			developmentRegion = English;
			hasScannedForEncodings = 0;
			knownRegions = (
				en,
				Base,
			);
			mainGroup = DDC546E91E5B5F3B00D4361D;
			productRefGroup = DDC546F31E5B5F3B00D4361D /* Products */;
			projectDirPath = "";
			projectRoot = "";
			targets = (
				DDC546F11E5B5F3B00D4361D /* Stocks */,
			);
		};
/* End PBXProject section */

/* Begin PBXResourcesBuildPhase section */
		DDC546F01E5B5F3B00D4361D /* Resources */ = {
			isa = PBXResourcesBuildPhase;
			buildActionMask = 2147483647;
			files = (
				DDC547051E5B5F3B00D4361D /* LaunchScreen.storyboard in Resources */,
				DDC547021E5B5F3B00D4361D /* Assets.xcassets in Resources */,
				DDC547001E5B5F3B00D4361D /* Main.storyboard in Resources */,
			);
			runOnlyForDeploymentPostprocessing = 0;
		};
/* End PBXResourcesBuildPhase section */

/* Begin PBXSourcesBuildPhase section */
		DDC546EE1E5B5F3B00D4361D /* Sources */ = {
			isa = PBXSourcesBuildPhase;
			buildActionMask = 2147483647;
			files = (
				DDC546FD1E5B5F3B00D4361D /* ViewController.m in Sources */,
				DDC546FA1E5B5F3B00D4361D /* AppDelegate.m in Sources */,
				DDC546F71E5B5F3B00D4361D /* main.m in Sources */,
			);
			runOnlyForDeploymentPostprocessing = 0;
		};
/* End PBXSourcesBuildPhase section */

/* Begin PBXVariantGroup section */
		DDC546FE1E5B5F3B00D4361D /* Main.storyboard */ = {
			isa = PBXVariantGroup;
			children = (
				DDC546FF1E5B5F3B00D4361D /* Base */,
			);
			name = Main.storyboard;
			sourceTree = "<group>";
		};
		DDC547031E5B5F3B00D4361D /* LaunchScreen.storyboard */ = {
			isa = PBXVariantGroup;
			children = (
				DDC547041E5B5F3B00D4361D /* Base */,
			);
			name = LaunchScreen.storyboard;
			sourceTree = "<group>";
		};
/* End PBXVariantGroup section */

/* Begin XCBuildConfiguration section */
		DDC547071E5B5F3B00D4361D /* Debug */ = {
			isa = XCBuildConfiguration;
			buildSettings = {
				ALWAYS_SEARCH_USER_PATHS = NO;
				CLANG_ANALYZER_NONNULL = YES;
				CLANG_CXX_LANGUAGE_STANDARD = "gnu++0x";
				CLANG_CXX_LIBRARY = "libc++";
				CLANG_ENABLE_MODULES = YES;
				CLANG_ENABLE_OBJC_ARC = YES;
				CLANG_WARN_BOOL_CONVERSION = YES;
				CLANG_WARN_CONSTANT_CONVERSION = YES;
				CLANG_WARN_DIRECT_OBJC_ISA_USAGE = YES_ERROR;
				CLANG_WARN_DOCUMENTATION_COMMENTS = YES;
				CLANG_WARN_EMPTY_BODY = YES;
				CLANG_WARN_ENUM_CONVERSION = YES;
				CLANG_WARN_INFINITE_RECURSION = YES;
				CLANG_WARN_INT_CONVERSION = YES;
				CLANG_WARN_OBJC_ROOT_CLASS = YES_ERROR;
				CLANG_WARN_SUSPICIOUS_MOVES = YES;
				CLANG_WARN_UNREACHABLE_CODE = YES;
				CLANG_WARN__DUPLICATE_METHOD_MATCH = YES;
				"CODE_SIGN_IDENTITY[sdk=iphoneos*]" = "iPhone Developer";
				COPY_PHASE_STRIP = NO;
				DEBUG_INFORMATION_FORMAT = dwarf;
				ENABLE_STRICT_OBJC_MSGSEND = YES;
				ENABLE_TESTABILITY = YES;
				GCC_C_LANGUAGE_STANDARD = gnu99;
				GCC_DYNAMIC_NO_PIC = NO;
				GCC_NO_COMMON_BLOCKS = YES;
				GCC_OPTIMIZATION_LEVEL = 0;
				GCC_PREPROCESSOR_DEFINITIONS = (
					"DEBUG=1",
					"$(inherited)",
				);
				GCC_WARN_64_TO_32_BIT_CONVERSION = YES;
				GCC_WARN_ABOUT_RETURN_TYPE = YES_ERROR;
				GCC_WARN_UNDECLARED_SELECTOR = YES;
				GCC_WARN_UNINITIALIZED_AUTOS = YES_AGGRESSIVE;
				GCC_WARN_UNUSED_FUNCTION = YES;
				GCC_WARN_UNUSED_VARIABLE = YES;
				IPHONEOS_DEPLOYMENT_TARGET = 10.1;
				MTL_ENABLE_DEBUG_INFO = YES;
				ONLY_ACTIVE_ARCH = YES;
				SDKROOT = iphoneos;
				TARGETED_DEVICE_FAMILY = "1,2";
			};
			name = Debug;
		};
		DDC547081E5B5F3B00D4361D /* Release */ = {
			isa = XCBuildConfiguration;
			buildSettings = {
				ALWAYS_SEARCH_USER_PATHS = NO;
				CLANG_ANALYZER_NONNULL = YES;
				CLANG_CXX_LANGUAGE_STANDARD = "gnu++0x";
				CLANG_CXX_LIBRARY = "libc++";
				CLANG_ENABLE_MODULES = YES;
				CLANG_ENABLE_OBJC_ARC = YES;
				CLANG_WARN_BOOL_CONVERSION = YES;
				CLANG_WARN_CONSTANT_CONVERSION = YES;
				CLANG_WARN_DIRECT_OBJC_ISA_USAGE = YES_ERROR;
				CLANG_WARN_DOCUMENTATION_COMMENTS = YES;
				CLANG_WARN_EMPTY_BODY = YES;
				CLANG_WARN_ENUM_CONVERSION = YES;
				CLANG_WARN_INFINITE_RECURSION = YES;
				CLANG_WARN_INT_CONVERSION = YES;
				CLANG_WARN_OBJC_ROOT_CLASS = YES_ERROR;
				CLANG_WARN_SUSPICIOUS_MOVES = YES;
				CLANG_WARN_UNREACHABLE_CODE = YES;
				CLANG_WARN__DUPLICATE_METHOD_MATCH = YES;
				"CODE_SIGN_IDENTITY[sdk=iphoneos*]" = "iPhone Developer";
				COPY_PHASE_STRIP = NO;
				DEBUG_INFORMATION_FORMAT = "dwarf-with-dsym";
				ENABLE_NS_ASSERTIONS = NO;
				ENABLE_STRICT_OBJC_MSGSEND = YES;
				GCC_C_LANGUAGE_STANDARD = gnu99;
				GCC_NO_COMMON_BLOCKS = YES;
				GCC_WARN_64_TO_32_BIT_CONVERSION = YES;
				GCC_WARN_ABOUT_RETURN_TYPE = YES_ERROR;
				GCC_WARN_UNDECLARED_SELECTOR = YES;
				GCC_WARN_UNINITIALIZED_AUTOS = YES_AGGRESSIVE;
				GCC_WARN_UNUSED_FUNCTION = YES;
				GCC_WARN_UNUSED_VARIABLE = YES;
				IPHONEOS_DEPLOYMENT_TARGET = 10.1;
				MTL_ENABLE_DEBUG_INFO = NO;
				SDKROOT = iphoneos;
				TARGETED_DEVICE_FAMILY = "1,2";
				VALIDATE_PRODUCT = YES;
			};
			name = Release;
		};
		DDC5470A1E5B5F3B00D4361D /* Debug */ = {
			isa = XCBuildConfiguration;
			buildSettings = {
				ASSETCATALOG_COMPILER_APPICON_NAME = AppIcon;
				INFOPLIST_FILE = Stocks/Info.plist;
				LD_RUNPATH_SEARCH_PATHS = "$(inherited) @executable_path/Frameworks";
				PRODUCT_BUNDLE_IDENTIFIER = Klas.Stocks;
				PRODUCT_NAME = "$(TARGET_NAME)";
			};
			name = Debug;
		};
		DDC5470B1E5B5F3B00D4361D /* Release */ = {
			isa = XCBuildConfiguration;
			buildSettings = {
				ASSETCATALOG_COMPILER_APPICON_NAME = AppIcon;
				INFOPLIST_FILE = Stocks/Info.plist;
				LD_RUNPATH_SEARCH_PATHS = "$(inherited) @executable_path/Frameworks";
				PRODUCT_BUNDLE_IDENTIFIER = Klas.Stocks;
				PRODUCT_NAME = "$(TARGET_NAME)";
			};
			name = Release;
		};
/* End XCBuildConfiguration section */

/* Begin XCConfigurationList section */
		DDC546ED1E5B5F3B00D4361D /* Build configuration list for PBXProject "Stocks" */ = {
			isa = XCConfigurationList;
			buildConfigurations = (
				DDC547071E5B5F3B00D4361D /* Debug */,
				DDC547081E5B5F3B00D4361D /* Release */,
			);
			defaultConfigurationIsVisible = 0;
			defaultConfigurationName = Release;
		};
		DDC547091E5B5F3B00D4361D /* Build configuration list for PBXNativeTarget "Stocks" */ = {
			isa = XCConfigurationList;
			buildConfigurations = (
				DDC5470A1E5B5F3B00D4361D /* Debug */,
				DDC5470B1E5B5F3B00D4361D /* Release */,
			);
			defaultConfigurationIsVisible = 0;
		};
/* End XCConfigurationList section */
	};
	rootObject = DDC546EA1E5B5F3B00D4361D /* Project object */;
}
